
Microsoft Visual Studio Solution File, Format Version 12.00
# Visual Studio 15
VisualStudioVersion = 15.0.27703.2035
MinimumVisualStudioVersion = 10.0.40219.1
Project("{9A19103F-16F7-4668-BE54-9A1E7A4F7556}") = "CylinderVolume", "CylinderVolume\CylinderVolume.csproj", "{B05C3C67-56FA-45CD-A413-4E0B73BA93A5}"
EndProject
Project("{9A19103F-16F7-4668-BE54-9A1E7A4F7556}") = "BubbleSort", "BubbleSort\BubbleSort.csproj", "{18D9817A-E962-4A83-B8C5-B0363B80D438}"
EndProject
Project("{9A19103F-16F7-4668-BE54-9A1E7A4F7556}") = "InsertionSort", "InsertionSort\InsertionSort.csproj", "{A94EC2B1-43DF-4B59-972F-A6C54391E872}"
EndProject
Project("{9A19103F-16F7-4668-BE54-9A1E7A4F7556}") = "SelectionSort", "SelectionSort\SelectionSort.csproj", "{A348C5D6-7274-4D47-95C3-C0FBF0DC0188}"
EndProject
Project("{9A19103F-16F7-4668-BE54-9A1E7A4F7556}") = "LinearSearch", "LinearSearch\LinearSearch.csproj", "{BE187C70-C8B4-49C1-8E84-4829FD5C3A3C}"
EndProject
Project("{9A19103F-16F7-4668-BE54-9A1E7A4F7556}") = "BinarySearch", "BinarySearch\BinarySearch.csproj", "{AFC4F6CC-3945-4BAC-BEB3-BFD50B8C5ABD}"
EndProject
Project("{2150E333-8FDC-42A3-9474-1A3956D46DE8}") = "Algorithms", "Algorithms", "{2C39F0BC-A435-4E32-AA87-FAD72FE5E690}"
EndProject
Project("{2150E333-8FDC-42A3-9474-1A3956D46DE8}") = "ii.SortingAlgorithms", "ii.SortingAlgorithms", "{B18FFB90-166C-480C-86B8-23E9EBA190F5}"
EndProject
Project("{2150E333-8FDC-42A3-9474-1A3956D46DE8}") = "iii.SearchingAlgorithms", "iii.SearchingAlgorithms", "{EF89E7DB-8449-4F2E-B42A-D37A312FDBF8}"
EndProject
Project("{2150E333-8FDC-42A3-9474-1A3956D46DE8}") = "i.AlgorithmBasics", "i.AlgorithmBasics", "{D1CE11D7-4DC7-4434-A396-227138687BEB}"
EndProject
Project("{2150E333-8FDC-42A3-9474-1A3956D46DE8}") = "iv.AlgorithmAnalysis", "iv.AlgorithmAnalysis", "{09FC8BE7-5173-4B2A-B6AD-C6E43C4D2EE7}"
EndProject
Project("{9A19103F-16F7-4668-BE54-9A1E7A4F7556}") = "AsymptoticNotation", "AsymptoticNotation\AsymptoticNotation.csproj", "{EF35776D-2058-4C95-9A1B-C79CAB449816}"
EndProject
Project("{FAE04EC0-301F-11D3-BF4B-00C04F79EFBC}") = "MeasuringAlgorithms", "MeasuringAlgorithms\MeasuringAlgorithms.csproj", "{EAEEC5D1-550E-437E-AE0E-CA383A6A0716}"
EndProject
Global
	GlobalSection(SolutionConfigurationPlatforms) = preSolution
		Debug|Any CPU = Debug|Any CPU
		Release|Any CPU = Release|Any CPU
	EndGlobalSection
	GlobalSection(ProjectConfigurationPlatforms) = postSolution
		{B05C3C67-56FA-45CD-A413-4E0B73BA93A5}.Debug|Any CPU.ActiveCfg = Debug|Any CPU
		{B05C3C67-56FA-45CD-A413-4E0B73BA93A5}.Debug|Any CPU.Build.0 = Debug|Any CPU
		{B05C3C67-56FA-45CD-A413-4E0B73BA93A5}.Release|Any CPU.ActiveCfg = Release|Any CPU
		{B05C3C67-56FA-45CD-A413-4E0B73BA93A5}.Release|Any CPU.Build.0 = Release|Any CPU
		{18D9817A-E962-4A83-B8C5-B0363B80D438}.Debug|Any CPU.ActiveCfg = Debug|Any CPU
		{18D9817A-E962-4A83-B8C5-B0363B80D438}.Debug|Any CPU.Build.0 = Debug|Any CPU
		{18D9817A-E962-4A83-B8C5-B0363B80D438}.Release|Any CPU.ActiveCfg = Release|Any CPU
		{18D9817A-E962-4A83-B8C5-B0363B80D438}.Release|Any CPU.Build.0 = Release|Any CPU
		{A94EC2B1-43DF-4B59-972F-A6C54391E872}.Debug|Any CPU.ActiveCfg = Debug|Any CPU
		{A94EC2B1-43DF-4B59-972F-A6C54391E872}.Debug|Any CPU.Build.0 = Debug|Any CPU
		{A94EC2B1-43DF-4B59-972F-A6C54391E872}.Release|Any CPU.ActiveCfg = Release|Any CPU
		{A94EC2B1-43DF-4B59-972F-A6C54391E872}.Release|Any CPU.Build.0 = Release|Any CPU
		{A348C5D6-7274-4D47-95C3-C0FBF0DC0188}.Debug|Any CPU.ActiveCfg = Debug|Any CPU
		{A348C5D6-7274-4D47-95C3-C0FBF0DC0188}.Debug|Any CPU.Build.0 = Debug|Any CPU
		{A348C5D6-7274-4D47-95C3-C0FBF0DC0188}.Release|Any CPU.ActiveCfg = Release|Any CPU
		{A348C5D6-7274-4D47-95C3-C0FBF0DC0188}.Release|Any CPU.Build.0 = Release|Any CPU
		{BE187C70-C8B4-49C1-8E84-4829FD5C3A3C}.Debug|Any CPU.ActiveCfg = Debug|Any CPU
		{BE187C70-C8B4-49C1-8E84-4829FD5C3A3C}.Debug|Any CPU.Build.0 = Debug|Any CPU
		{BE187C70-C8B4-49C1-8E84-4829FD5C3A3C}.Release|Any CPU.ActiveCfg = Release|Any CPU
		{BE187C70-C8B4-49C1-8E84-4829FD5C3A3C}.Release|Any CPU.Build.0 = Release|Any CPU
		{AFC4F6CC-3945-4BAC-BEB3-BFD50B8C5ABD}.Debug|Any CPU.ActiveCfg = Debug|Any CPU
		{AFC4F6CC-3945-4BAC-BEB3-BFD50B8C5ABD}.Debug|Any CPU.Build.0 = Debug|Any CPU
		{AFC4F6CC-3945-4BAC-BEB3-BFD50B8C5ABD}.Release|Any CPU.ActiveCfg = Release|Any CPU
		{AFC4F6CC-3945-4BAC-BEB3-BFD50B8C5ABD}.Release|Any CPU.Build.0 = Release|Any CPU
		{EF35776D-2058-4C95-9A1B-C79CAB449816}.Debug|Any CPU.ActiveCfg = Debug|Any CPU
		{EF35776D-2058-4C95-9A1B-C79CAB449816}.Debug|Any CPU.Build.0 = Debug|Any CPU
		{EF35776D-2058-4C95-9A1B-C79CAB449816}.Release|Any CPU.ActiveCfg = Release|Any CPU
		{EF35776D-2058-4C95-9A1B-C79CAB449816}.Release|Any CPU.Build.0 = Release|Any CPU
		{EAEEC5D1-550E-437E-AE0E-CA383A6A0716}.Debug|Any CPU.ActiveCfg = Debug|Any CPU
		{EAEEC5D1-550E-437E-AE0E-CA383A6A0716}.Debug|Any CPU.Build.0 = Debug|Any CPU
		{EAEEC5D1-550E-437E-AE0E-CA383A6A0716}.Release|Any CPU.ActiveCfg = Release|Any CPU
		{EAEEC5D1-550E-437E-AE0E-CA383A6A0716}.Release|Any CPU.Build.0 = Release|Any CPU
	EndGlobalSection
	GlobalSection(SolutionProperties) = preSolution
		HideSolutionNode = FALSE
	EndGlobalSection
	GlobalSection(NestedProjects) = preSolution
		{B05C3C67-56FA-45CD-A413-4E0B73BA93A5} = {D1CE11D7-4DC7-4434-A396-227138687BEB}
		{18D9817A-E962-4A83-B8C5-B0363B80D438} = {B18FFB90-166C-480C-86B8-23E9EBA190F5}
		{A94EC2B1-43DF-4B59-972F-A6C54391E872} = {B18FFB90-166C-480C-86B8-23E9EBA190F5}
		{A348C5D6-7274-4D47-95C3-C0FBF0DC0188} = {B18FFB90-166C-480C-86B8-23E9EBA190F5}
		{BE187C70-C8B4-49C1-8E84-4829FD5C3A3C} = {EF89E7DB-8449-4F2E-B42A-D37A312FDBF8}
		{AFC4F6CC-3945-4BAC-BEB3-BFD50B8C5ABD} = {EF89E7DB-8449-4F2E-B42A-D37A312FDBF8}
		{B18FFB90-166C-480C-86B8-23E9EBA190F5} = {2C39F0BC-A435-4E32-AA87-FAD72FE5E690}
		{EF89E7DB-8449-4F2E-B42A-D37A312FDBF8} = {2C39F0BC-A435-4E32-AA87-FAD72FE5E690}
		{D1CE11D7-4DC7-4434-A396-227138687BEB} = {2C39F0BC-A435-4E32-AA87-FAD72FE5E690}
		{09FC8BE7-5173-4B2A-B6AD-C6E43C4D2EE7} = {2C39F0BC-A435-4E32-AA87-FAD72FE5E690}
		{EF35776D-2058-4C95-9A1B-C79CAB449816} = {09FC8BE7-5173-4B2A-B6AD-C6E43C4D2EE7}
		{EAEEC5D1-550E-437E-AE0E-CA383A6A0716} = {09FC8BE7-5173-4B2A-B6AD-C6E43C4D2EE7}
	EndGlobalSection
	GlobalSection(ExtensibilityGlobals) = postSolution
		SolutionGuid = {1C920D74-9D6B-4A03-994B-E73B6F2802AD}
	EndGlobalSection
EndGlobal
