
Microsoft Visual Studio Solution File, Format Version 12.00
# Visual Studio 15
VisualStudioVersion = 15.0.27703.2035
MinimumVisualStudioVersion = 10.0.40219.1
Project("{FAE04EC0-301F-11D3-BF4B-00C04F79EFBC}") = "CylinderVolume", "CylinderVolume\CylinderVolume.csproj", "{B05C3C67-56FA-45CD-A413-4E0B73BA93A5}"
EndProject
Project("{FAE04EC0-301F-11D3-BF4B-00C04F79EFBC}") = "BubbleSort", "BubbleSort\BubbleSort.csproj", "{18D9817A-E962-4A83-B8C5-B0363B80D438}"
EndProject
Project("{FAE04EC0-301F-11D3-BF4B-00C04F79EFBC}") = "InsertionSort", "InsertionSort\InsertionSort.csproj", "{A94EC2B1-43DF-4B59-972F-A6C54391E872}"
EndProject
Global
	GlobalSection(SolutionConfigurationPlatforms) = preSolution
		Debug|Any CPU = Debug|Any CPU
		Release|Any CPU = Release|Any CPU
	EndGlobalSection
	GlobalSection(ProjectConfigurationPlatforms) = postSolution
		{B05C3C67-56FA-45CD-A413-4E0B73BA93A5}.Debug|Any CPU.ActiveCfg = Debug|Any CPU
		{B05C3C67-56FA-45CD-A413-4E0B73BA93A5}.Debug|Any CPU.Build.0 = Debug|Any CPU
		{B05C3C67-56FA-45CD-A413-4E0B73BA93A5}.Release|Any CPU.ActiveCfg = Release|Any CPU
		{B05C3C67-56FA-45CD-A413-4E0B73BA93A5}.Release|Any CPU.Build.0 = Release|Any CPU
		{18D9817A-E962-4A83-B8C5-B0363B80D438}.Debug|Any CPU.ActiveCfg = Debug|Any CPU
		{18D9817A-E962-4A83-B8C5-B0363B80D438}.Debug|Any CPU.Build.0 = Debug|Any CPU
		{18D9817A-E962-4A83-B8C5-B0363B80D438}.Release|Any CPU.ActiveCfg = Release|Any CPU
		{18D9817A-E962-4A83-B8C5-B0363B80D438}.Release|Any CPU.Build.0 = Release|Any CPU
		{A94EC2B1-43DF-4B59-972F-A6C54391E872}.Debug|Any CPU.ActiveCfg = Debug|Any CPU
		{A94EC2B1-43DF-4B59-972F-A6C54391E872}.Debug|Any CPU.Build.0 = Debug|Any CPU
		{A94EC2B1-43DF-4B59-972F-A6C54391E872}.Release|Any CPU.ActiveCfg = Release|Any CPU
		{A94EC2B1-43DF-4B59-972F-A6C54391E872}.Release|Any CPU.Build.0 = Release|Any CPU
	EndGlobalSection
	GlobalSection(SolutionProperties) = preSolution
		HideSolutionNode = FALSE
	EndGlobalSection
	GlobalSection(ExtensibilityGlobals) = postSolution
		SolutionGuid = {1C920D74-9D6B-4A03-994B-E73B6F2802AD}
	EndGlobalSection
EndGlobal
